// !$*UTF8*$!
{
	archiveVersion = 1;
	classes = {
	};
	objectVersion = 50;
	objects = {

/* Begin PBXBuildFile section */
		66723ED22213CA160092EED2 /* CMChallenge.swift in Sources */ = {isa = PBXBuildFile; fileRef = 66723ED12213CA160092EED2 /* CMChallenge.swift */; };
		66D9ABCD212B99BF0006A474 /* AppDelegate.swift in Sources */ = {isa = PBXBuildFile; fileRef = 66D9ABCC212B99BF0006A474 /* AppDelegate.swift */; };
		66D9ABCF212B99BF0006A474 /* ViewController.swift in Sources */ = {isa = PBXBuildFile; fileRef = 66D9ABCE212B99BF0006A474 /* ViewController.swift */; };
		66D9ABD2212B99BF0006A474 /* Main.storyboard in Resources */ = {isa = PBXBuildFile; fileRef = 66D9ABD0212B99BF0006A474 /* Main.storyboard */; };
		66D9ABD4212B99C10006A474 /* Assets.xcassets in Resources */ = {isa = PBXBuildFile; fileRef = 66D9ABD3212B99C10006A474 /* Assets.xcassets */; };
		66D9ABD7212B99C10006A474 /* LaunchScreen.storyboard in Resources */ = {isa = PBXBuildFile; fileRef = 66D9ABD5212B99C10006A474 /* LaunchScreen.storyboard */; };
		66D9ABE2212B99C10006A474 /* WaffleAppTests.swift in Sources */ = {isa = PBXBuildFile; fileRef = 66D9ABE1212B99C10006A474 /* WaffleAppTests.swift */; };
		66D9ABED212B99C20006A474 /* WaffleAppUITests.swift in Sources */ = {isa = PBXBuildFile; fileRef = 66D9ABEC212B99C20006A474 /* WaffleAppUITests.swift */; };
/* End PBXBuildFile section */

/* Begin PBXContainerItemProxy section */
		66D9ABDE212B99C10006A474 /* PBXContainerItemProxy */ = {
			isa = PBXContainerItemProxy;
			containerPortal = 66D9ABC1212B99BF0006A474 /* Project object */;
			proxyType = 1;
			remoteGlobalIDString = 66D9ABC8212B99BF0006A474;
			remoteInfo = WaffleApp;
		};
		66D9ABE9212B99C10006A474 /* PBXContainerItemProxy */ = {
			isa = PBXContainerItemProxy;
			containerPortal = 66D9ABC1212B99BF0006A474 /* Project object */;
			proxyType = 1;
			remoteGlobalIDString = 66D9ABC8212B99BF0006A474;
			remoteInfo = WaffleApp;
		};
/* End PBXContainerItemProxy section */

/* Begin PBXFileReference section */
		66723ED12213CA160092EED2 /* CMChallenge.swift */ = {isa = PBXFileReference; lastKnownFileType = sourcecode.swift; path = CMChallenge.swift; sourceTree = "<group>"; };
		66D9ABC9212B99BF0006A474 /* WaffleApp.app */ = {isa = PBXFileReference; explicitFileType = wrapper.application; includeInIndex = 0; path = WaffleApp.app; sourceTree = BUILT_PRODUCTS_DIR; };
		66D9ABCC212B99BF0006A474 /* AppDelegate.swift */ = {isa = PBXFileReference; lastKnownFileType = sourcecode.swift; path = AppDelegate.swift; sourceTree = "<group>"; };
		66D9ABCE212B99BF0006A474 /* ViewController.swift */ = {isa = PBXFileReference; lastKnownFileType = sourcecode.swift; path = ViewController.swift; sourceTree = "<group>"; };
		66D9ABD1212B99BF0006A474 /* Base */ = {isa = PBXFileReference; lastKnownFileType = file.storyboard; name = Base; path = Base.lproj/Main.storyboard; sourceTree = "<group>"; };
		66D9ABD3212B99C10006A474 /* Assets.xcassets */ = {isa = PBXFileReference; lastKnownFileType = folder.assetcatalog; path = Assets.xcassets; sourceTree = "<group>"; };
		66D9ABD6212B99C10006A474 /* Base */ = {isa = PBXFileReference; lastKnownFileType = file.storyboard; name = Base; path = Base.lproj/LaunchScreen.storyboard; sourceTree = "<group>"; };
		66D9ABD8212B99C10006A474 /* Info.plist */ = {isa = PBXFileReference; lastKnownFileType = text.plist.xml; path = Info.plist; sourceTree = "<group>"; };
		66D9ABDD212B99C10006A474 /* WaffleAppTests.xctest */ = {isa = PBXFileReference; explicitFileType = wrapper.cfbundle; includeInIndex = 0; path = WaffleAppTests.xctest; sourceTree = BUILT_PRODUCTS_DIR; };
		66D9ABE1212B99C10006A474 /* WaffleAppTests.swift */ = {isa = PBXFileReference; lastKnownFileType = sourcecode.swift; path = WaffleAppTests.swift; sourceTree = "<group>"; };
		66D9ABE3212B99C10006A474 /* Info.plist */ = {isa = PBXFileReference; lastKnownFileType = text.plist.xml; path = Info.plist; sourceTree = "<group>"; };
		66D9ABE8212B99C10006A474 /* WaffleAppUITests.xctest */ = {isa = PBXFileReference; explicitFileType = wrapper.cfbundle; includeInIndex = 0; path = WaffleAppUITests.xctest; sourceTree = BUILT_PRODUCTS_DIR; };
		66D9ABEC212B99C20006A474 /* WaffleAppUITests.swift */ = {isa = PBXFileReference; lastKnownFileType = sourcecode.swift; path = WaffleAppUITests.swift; sourceTree = "<group>"; };
		66D9ABEE212B99C20006A474 /* Info.plist */ = {isa = PBXFileReference; lastKnownFileType = text.plist.xml; path = Info.plist; sourceTree = "<group>"; };
/* End PBXFileReference section */

/* Begin PBXFrameworksBuildPhase section */
		66D9ABC6212B99BF0006A474 /* Frameworks */ = {
			isa = PBXFrameworksBuildPhase;
			buildActionMask = 2147483647;
			files = (
			);
			runOnlyForDeploymentPostprocessing = 0;
		};
		66D9ABDA212B99C10006A474 /* Frameworks */ = {
			isa = PBXFrameworksBuildPhase;
			buildActionMask = 2147483647;
			files = (
			);
			runOnlyForDeploymentPostprocessing = 0;
		};
		66D9ABE5212B99C10006A474 /* Frameworks */ = {
			isa = PBXFrameworksBuildPhase;
			buildActionMask = 2147483647;
			files = (
			);
			runOnlyForDeploymentPostprocessing = 0;
		};
/* End PBXFrameworksBuildPhase section */

/* Begin PBXGroup section */
		66D9ABC0212B99BF0006A474 = {
			isa = PBXGroup;
			children = (
				66D9ABCB212B99BF0006A474 /* WaffleApp */,
				66D9ABE0212B99C10006A474 /* WaffleAppTests */,
				66D9ABEB212B99C20006A474 /* WaffleAppUITests */,
				66D9ABCA212B99BF0006A474 /* Products */,
			);
			sourceTree = "<group>";
		};
		66D9ABCA212B99BF0006A474 /* Products */ = {
			isa = PBXGroup;
			children = (
				66D9ABC9212B99BF0006A474 /* WaffleApp.app */,
				66D9ABDD212B99C10006A474 /* WaffleAppTests.xctest */,
				66D9ABE8212B99C10006A474 /* WaffleAppUITests.xctest */,
			);
			name = Products;
			sourceTree = "<group>";
		};
		66D9ABCB212B99BF0006A474 /* WaffleApp */ = {
			isa = PBXGroup;
			children = (
				66D9ABCC212B99BF0006A474 /* AppDelegate.swift */,
				66D9ABCE212B99BF0006A474 /* ViewController.swift */,
				66723ED12213CA160092EED2 /* CMChallenge.swift */,
				66D9ABD0212B99BF0006A474 /* Main.storyboard */,
				66D9ABD3212B99C10006A474 /* Assets.xcassets */,
				66D9ABD5212B99C10006A474 /* LaunchScreen.storyboard */,
				66D9ABD8212B99C10006A474 /* Info.plist */,
			);
			path = WaffleApp;
			sourceTree = "<group>";
		};
		66D9ABE0212B99C10006A474 /* WaffleAppTests */ = {
			isa = PBXGroup;
			children = (
				66D9ABE1212B99C10006A474 /* WaffleAppTests.swift */,
				66D9ABE3212B99C10006A474 /* Info.plist */,
			);
			path = WaffleAppTests;
			sourceTree = "<group>";
		};
		66D9ABEB212B99C20006A474 /* WaffleAppUITests */ = {
			isa = PBXGroup;
			children = (
				66D9ABEC212B99C20006A474 /* WaffleAppUITests.swift */,
				66D9ABEE212B99C20006A474 /* Info.plist */,
			);
			path = WaffleAppUITests;
			sourceTree = "<group>";
		};
/* End PBXGroup section */

/* Begin PBXNativeTarget section */
		66D9ABC8212B99BF0006A474 /* WaffleApp */ = {
			isa = PBXNativeTarget;
			buildConfigurationList = 66D9ABF1212B99C20006A474 /* Build configuration list for PBXNativeTarget "WaffleApp" */;
			buildPhases = (
				66D9ABC5212B99BF0006A474 /* Sources */,
				66D9ABC6212B99BF0006A474 /* Frameworks */,
				66D9ABC7212B99BF0006A474 /* Resources */,
			);
			buildRules = (
			);
			dependencies = (
			);
			name = WaffleApp;
			productName = WaffleApp;
			productReference = 66D9ABC9212B99BF0006A474 /* WaffleApp.app */;
			productType = "com.apple.product-type.application";
		};
		66D9ABDC212B99C10006A474 /* WaffleAppTests */ = {
			isa = PBXNativeTarget;
			buildConfigurationList = 66D9ABF4212B99C20006A474 /* Build configuration list for PBXNativeTarget "WaffleAppTests" */;
			buildPhases = (
				66D9ABD9212B99C10006A474 /* Sources */,
				66D9ABDA212B99C10006A474 /* Frameworks */,
				66D9ABDB212B99C10006A474 /* Resources */,
			);
			buildRules = (
			);
			dependencies = (
				66D9ABDF212B99C10006A474 /* PBXTargetDependency */,
			);
			name = WaffleAppTests;
			productName = WaffleAppTests;
			productReference = 66D9ABDD212B99C10006A474 /* WaffleAppTests.xctest */;
			productType = "com.apple.product-type.bundle.unit-test";
		};
		66D9ABE7212B99C10006A474 /* WaffleAppUITests */ = {
			isa = PBXNativeTarget;
			buildConfigurationList = 66D9ABF7212B99C20006A474 /* Build configuration list for PBXNativeTarget "WaffleAppUITests" */;
			buildPhases = (
				66D9ABE4212B99C10006A474 /* Sources */,
				66D9ABE5212B99C10006A474 /* Frameworks */,
				66D9ABE6212B99C10006A474 /* Resources */,
			);
			buildRules = (
			);
			dependencies = (
				66D9ABEA212B99C10006A474 /* PBXTargetDependency */,
			);
			name = WaffleAppUITests;
			productName = WaffleAppUITests;
			productReference = 66D9ABE8212B99C10006A474 /* WaffleAppUITests.xctest */;
			productType = "com.apple.product-type.bundle.ui-testing";
		};
/* End PBXNativeTarget section */

/* Begin PBXProject section */
		66D9ABC1212B99BF0006A474 /* Project object */ = {
			isa = PBXProject;
			attributes = {
				LastSwiftUpdateCheck = 0940;
				LastUpgradeCheck = 0940;
				ORGANIZATIONNAME = "Samantha Cortopassi";
				TargetAttributes = {
					66D9ABC8212B99BF0006A474 = {
						CreatedOnToolsVersion = 9.4.1;
					};
					66D9ABDC212B99C10006A474 = {
						CreatedOnToolsVersion = 9.4.1;
						TestTargetID = 66D9ABC8212B99BF0006A474;
					};
					66D9ABE7212B99C10006A474 = {
						CreatedOnToolsVersion = 9.4.1;
						TestTargetID = 66D9ABC8212B99BF0006A474;
					};
				};
			};
			buildConfigurationList = 66D9ABC4212B99BF0006A474 /* Build configuration list for PBXProject "WaffleApp" */;
			compatibilityVersion = "Xcode 9.3";
			developmentRegion = en;
			hasScannedForEncodings = 0;
			knownRegions = (
				en,
				Base,
			);
			mainGroup = 66D9ABC0212B99BF0006A474;
			productRefGroup = 66D9ABCA212B99BF0006A474 /* Products */;
			projectDirPath = "";
			projectRoot = "";
			targets = (
				66D9ABC8212B99BF0006A474 /* WaffleApp */,
				66D9ABDC212B99C10006A474 /* WaffleAppTests */,
				66D9ABE7212B99C10006A474 /* WaffleAppUITests */,
			);
		};
/* End PBXProject section */

/* Begin PBXResourcesBuildPhase section */
		66D9ABC7212B99BF0006A474 /* Resources */ = {
			isa = PBXResourcesBuildPhase;
			buildActionMask = 2147483647;
			files = (
				66D9ABD7212B99C10006A474 /* LaunchScreen.storyboard in Resources */,
				66D9ABD4212B99C10006A474 /* Assets.xcassets in Resources */,
				66D9ABD2212B99BF0006A474 /* Main.storyboard in Resources */,
			);
			runOnlyForDeploymentPostprocessing = 0;
		};
		66D9ABDB212B99C10006A474 /* Resources */ = {
			isa = PBXResourcesBuildPhase;
			buildActionMask = 2147483647;
			files = (
			);
			runOnlyForDeploymentPostprocessing = 0;
		};
		66D9ABE6212B99C10006A474 /* Resources */ = {
			isa = PBXResourcesBuildPhase;
			buildActionMask = 2147483647;
			files = (
			);
			runOnlyForDeploymentPostprocessing = 0;
		};
/* End PBXResourcesBuildPhase section */

/* Begin PBXSourcesBuildPhase section */
		66D9ABC5212B99BF0006A474 /* Sources */ = {
			isa = PBXSourcesBuildPhase;
			buildActionMask = 2147483647;
			files = (
				66723ED22213CA160092EED2 /* CMChallenge.swift in Sources */,
				66D9ABCF212B99BF0006A474 /* ViewController.swift in Sources */,
				66D9ABCD212B99BF0006A474 /* AppDelegate.swift in Sources */,
			);
			runOnlyForDeploymentPostprocessing = 0;
		};
		66D9ABD9212B99C10006A474 /* Sources */ = {
			isa = PBXSourcesBuildPhase;
			buildActionMask = 2147483647;
			files = (
				66D9ABE2212B99C10006A474 /* WaffleAppTests.swift in Sources */,
			);
			runOnlyForDeploymentPostprocessing = 0;
		};
		66D9ABE4212B99C10006A474 /* Sources */ = {
			isa = PBXSourcesBuildPhase;
			buildActionMask = 2147483647;
			files = (
				66D9ABED212B99C20006A474 /* WaffleAppUITests.swift in Sources */,
			);
			runOnlyForDeploymentPostprocessing = 0;
		};
/* End PBXSourcesBuildPhase section */

/* Begin PBXTargetDependency section */
		66D9ABDF212B99C10006A474 /* PBXTargetDependency */ = {
			isa = PBXTargetDependency;
			target = 66D9ABC8212B99BF0006A474 /* WaffleApp */;
			targetProxy = 66D9ABDE212B99C10006A474 /* PBXContainerItemProxy */;
		};
		66D9ABEA212B99C10006A474 /* PBXTargetDependency */ = {
			isa = PBXTargetDependency;
			target = 66D9ABC8212B99BF0006A474 /* WaffleApp */;
			targetProxy = 66D9ABE9212B99C10006A474 /* PBXContainerItemProxy */;
		};
/* End PBXTargetDependency section */

/* Begin PBXVariantGroup section */
		66D9ABD0212B99BF0006A474 /* Main.storyboard */ = {
			isa = PBXVariantGroup;
			children = (
				66D9ABD1212B99BF0006A474 /* Base */,
			);
			name = Main.storyboard;
			sourceTree = "<group>";
		};
		66D9ABD5212B99C10006A474 /* LaunchScreen.storyboard */ = {
			isa = PBXVariantGroup;
			children = (
				66D9ABD6212B99C10006A474 /* Base */,
			);
			name = LaunchScreen.storyboard;
			sourceTree = "<group>";
		};
/* End PBXVariantGroup section */

/* Begin XCBuildConfiguration section */
		66D9ABEF212B99C20006A474 /* Debug */ = {
			isa = XCBuildConfiguration;
			buildSettings = {
				ALWAYS_SEARCH_USER_PATHS = NO;
				CLANG_ANALYZER_NONNULL = YES;
				CLANG_ANALYZER_NUMBER_OBJECT_CONVERSION = YES_AGGRESSIVE;
				CLANG_CXX_LANGUAGE_STANDARD = "gnu++14";
				CLANG_CXX_LIBRARY = "libc++";
				CLANG_ENABLE_MODULES = YES;
				CLANG_ENABLE_OBJC_ARC = YES;
				CLANG_ENABLE_OBJC_WEAK = YES;
				CLANG_WARN_BLOCK_CAPTURE_AUTORELEASING = YES;
				CLANG_WARN_BOOL_CONVERSION = YES;
				CLANG_WARN_COMMA = YES;
				CLANG_WARN_CONSTANT_CONVERSION = YES;
				CLANG_WARN_DEPRECATED_OBJC_IMPLEMENTATIONS = YES;
				CLANG_WARN_DIRECT_OBJC_ISA_USAGE = YES_ERROR;
				CLANG_WARN_DOCUMENTATION_COMMENTS = YES;
				CLANG_WARN_EMPTY_BODY = YES;
				CLANG_WARN_ENUM_CONVERSION = YES;
				CLANG_WARN_INFINITE_RECURSION = YES;
				CLANG_WARN_INT_CONVERSION = YES;
				CLANG_WARN_NON_LITERAL_NULL_CONVERSION = YES;
				CLANG_WARN_OBJC_IMPLICIT_RETAIN_SELF = YES;
				CLANG_WARN_OBJC_LITERAL_CONVERSION = YES;
				CLANG_WARN_OBJC_ROOT_CLASS = YES_ERROR;
				CLANG_WARN_RANGE_LOOP_ANALYSIS = YES;
				CLANG_WARN_STRICT_PROTOTYPES = YES;
				CLANG_WARN_SUSPICIOUS_MOVE = YES;
				CLANG_WARN_UNGUARDED_AVAILABILITY = YES_AGGRESSIVE;
				CLANG_WARN_UNREACHABLE_CODE = YES;
				CLANG_WARN__DUPLICATE_METHOD_MATCH = YES;
				CODE_SIGN_IDENTITY = "iPhone Developer";
				COPY_PHASE_STRIP = NO;
				DEBUG_INFORMATION_FORMAT = dwarf;
				ENABLE_STRICT_OBJC_MSGSEND = YES;
				ENABLE_TESTABILITY = YES;
				GCC_C_LANGUAGE_STANDARD = gnu11;
				GCC_DYNAMIC_NO_PIC = NO;
				GCC_NO_COMMON_BLOCKS = YES;
				GCC_OPTIMIZATION_LEVEL = 0;
				GCC_PREPROCESSOR_DEFINITIONS = (
					"DEBUG=1",
					"$(inherited)",
				);
				GCC_WARN_64_TO_32_BIT_CONVERSION = YES;
				GCC_WARN_ABOUT_RETURN_TYPE = YES_ERROR;
				GCC_WARN_UNDECLARED_SELECTOR = YES;
				GCC_WARN_UNINITIALIZED_AUTOS = YES_AGGRESSIVE;
				GCC_WARN_UNUSED_FUNCTION = YES;
				GCC_WARN_UNUSED_VARIABLE = YES;
				IPHONEOS_DEPLOYMENT_TARGET = 11.4;
				MTL_ENABLE_DEBUG_INFO = YES;
				ONLY_ACTIVE_ARCH = YES;
				SDKROOT = iphoneos;
				SWIFT_ACTIVE_COMPILATION_CONDITIONS = DEBUG;
				SWIFT_OPTIMIZATION_LEVEL = "-Onone";
			};
			name = Debug;
		};
		66D9ABF0212B99C20006A474 /* Release */ = {
			isa = XCBuildConfiguration;
			buildSettings = {
				ALWAYS_SEARCH_USER_PATHS = NO;
				CLANG_ANALYZER_NONNULL = YES;
				CLANG_ANALYZER_NUMBER_OBJECT_CONVERSION = YES_AGGRESSIVE;
				CLANG_CXX_LANGUAGE_STANDARD = "gnu++14";
				CLANG_CXX_LIBRARY = "libc++";
				CLANG_ENABLE_MODULES = YES;
				CLANG_ENABLE_OBJC_ARC = YES;
				CLANG_ENABLE_OBJC_WEAK = YES;
				CLANG_WARN_BLOCK_CAPTURE_AUTORELEASING = YES;
				CLANG_WARN_BOOL_CONVERSION = YES;
				CLANG_WARN_COMMA = YES;
				CLANG_WARN_CONSTANT_CONVERSION = YES;
				CLANG_WARN_DEPRECATED_OBJC_IMPLEMENTATIONS = YES;
				CLANG_WARN_DIRECT_OBJC_ISA_USAGE = YES_ERROR;
				CLANG_WARN_DOCUMENTATION_COMMENTS = YES;
				CLANG_WARN_EMPTY_BODY = YES;
				CLANG_WARN_ENUM_CONVERSION = YES;
				CLANG_WARN_INFINITE_RECURSION = YES;
				CLANG_WARN_INT_CONVERSION = YES;
				CLANG_WARN_NON_LITERAL_NULL_CONVERSION = YES;
				CLANG_WARN_OBJC_IMPLICIT_RETAIN_SELF = YES;
				CLANG_WARN_OBJC_LITERAL_CONVERSION = YES;
				CLANG_WARN_OBJC_ROOT_CLASS = YES_ERROR;
				CLANG_WARN_RANGE_LOOP_ANALYSIS = YES;
				CLANG_WARN_STRICT_PROTOTYPES = YES;
				CLANG_WARN_SUSPICIOUS_MOVE = YES;
				CLANG_WARN_UNGUARDED_AVAILABILITY = YES_AGGRESSIVE;
				CLANG_WARN_UNREACHABLE_CODE = YES;
				CLANG_WARN__DUPLICATE_METHOD_MATCH = YES;
				CODE_SIGN_IDENTITY = "iPhone Developer";
				COPY_PHASE_STRIP = NO;
				DEBUG_INFORMATION_FORMAT = "dwarf-with-dsym";
				ENABLE_NS_ASSERTIONS = NO;
				ENABLE_STRICT_OBJC_MSGSEND = YES;
				GCC_C_LANGUAGE_STANDARD = gnu11;
				GCC_NO_COMMON_BLOCKS = YES;
				GCC_WARN_64_TO_32_BIT_CONVERSION = YES;
				GCC_WARN_ABOUT_RETURN_TYPE = YES_ERROR;
				GCC_WARN_UNDECLARED_SELECTOR = YES;
				GCC_WARN_UNINITIALIZED_AUTOS = YES_AGGRESSIVE;
				GCC_WARN_UNUSED_FUNCTION = YES;
				GCC_WARN_UNUSED_VARIABLE = YES;
				IPHONEOS_DEPLOYMENT_TARGET = 11.4;
				MTL_ENABLE_DEBUG_INFO = NO;
				SDKROOT = iphoneos;
				SWIFT_COMPILATION_MODE = wholemodule;
				SWIFT_OPTIMIZATION_LEVEL = "-O";
				VALIDATE_PRODUCT = YES;
			};
			name = Release;
		};
		66D9ABF2212B99C20006A474 /* Debug */ = {
			isa = XCBuildConfiguration;
			buildSettings = {
				ASSETCATALOG_COMPILER_APPICON_NAME = AppIcon;
				CODE_SIGN_STYLE = Automatic;
				INFOPLIST_FILE = WaffleApp/Info.plist;
				LD_RUNPATH_SEARCH_PATHS = (
					"$(inherited)",
					"@executable_path/Frameworks",
				);
				PRODUCT_BUNDLE_IDENTIFIER = com.Samantha.WaffleApp;
				PRODUCT_NAME = "$(TARGET_NAME)";
				SWIFT_VERSION = 4.0;
				TARGETED_DEVICE_FAMILY = "1,2";
			};
			name = Debug;
		};
		66D9ABF3212B99C20006A474 /* Release */ = {
			isa = XCBuildConfiguration;
			buildSettings = {
				ASSETCATALOG_COMPILER_APPICON_NAME = AppIcon;
				CODE_SIGN_STYLE = Automatic;
				INFOPLIST_FILE = WaffleApp/Info.plist;
				LD_RUNPATH_SEARCH_PATHS = (
					"$(inherited)",
					"@executable_path/Frameworks",
				);
				PRODUCT_BUNDLE_IDENTIFIER = com.Samantha.WaffleApp;
				PRODUCT_NAME = "$(TARGET_NAME)";
				SWIFT_VERSION = 4.0;
				TARGETED_DEVICE_FAMILY = "1,2";
			};
			name = Release;
		};
		66D9ABF5212B99C20006A474 /* Debug */ = {
			isa = XCBuildConfiguration;
			buildSettings = {
				ALWAYS_EMBED_SWIFT_STANDARD_LIBRARIES = YES;
				BUNDLE_LOADER = "$(TEST_HOST)";
				CODE_SIGN_STYLE = Automatic;
				INFOPLIST_FILE = WaffleAppTests/Info.plist;
				LD_RUNPATH_SEARCH_PATHS = (
					"$(inherited)",
					"@executable_path/Frameworks",
					"@loader_path/Frameworks",
				);
				PRODUCT_BUNDLE_IDENTIFIER = com.Samantha.WaffleAppTests;
				PRODUCT_NAME = "$(TARGET_NAME)";
				SWIFT_VERSION = 4.0;
				TARGETED_DEVICE_FAMILY = "1,2";
				TEST_HOST = "$(BUILT_PRODUCTS_DIR)/WaffleApp.app/WaffleApp";
			};
			name = Debug;
		};
		66D9ABF6212B99C20006A474 /* Release */ = {
			isa = XCBuildConfiguration;
			buildSettings = {
				ALWAYS_EMBED_SWIFT_STANDARD_LIBRARIES = YES;
				BUNDLE_LOADER = "$(TEST_HOST)";
				CODE_SIGN_STYLE = Automatic;
				INFOPLIST_FILE = WaffleAppTests/Info.plist;
				LD_RUNPATH_SEARCH_PATHS = (
					"$(inherited)",
					"@executable_path/Frameworks",
					"@loader_path/Frameworks",
				);
				PRODUCT_BUNDLE_IDENTIFIER = com.Samantha.WaffleAppTests;
				PRODUCT_NAME = "$(TARGET_NAME)";
				SWIFT_VERSION = 4.0;
				TARGETED_DEVICE_FAMILY = "1,2";
				TEST_HOST = "$(BUILT_PRODUCTS_DIR)/WaffleApp.app/WaffleApp";
			};
			name = Release;
		};
		66D9ABF8212B99C20006A474 /* Debug */ = {
			isa = XCBuildConfiguration;
			buildSettings = {
				ALWAYS_EMBED_SWIFT_STANDARD_LIBRARIES = YES;
				CODE_SIGN_STYLE = Automatic;
				INFOPLIST_FILE = WaffleAppUITests/Info.plist;
				LD_RUNPATH_SEARCH_PATHS = (
					"$(inherited)",
					"@executable_path/Frameworks",
					"@loader_path/Frameworks",
				);
				PRODUCT_BUNDLE_IDENTIFIER = com.Samantha.WaffleAppUITests;
				PRODUCT_NAME = "$(TARGET_NAME)";
				SWIFT_VERSION = 4.0;
				TARGETED_DEVICE_FAMILY = "1,2";
				TEST_TARGET_NAME = WaffleApp;
			};
			name = Debug;
		};
		66D9ABF9212B99C20006A474 /* Release */ = {
			isa = XCBuildConfiguration;
			buildSettings = {
				ALWAYS_EMBED_SWIFT_STANDARD_LIBRARIES = YES;
				CODE_SIGN_STYLE = Automatic;
				INFOPLIST_FILE = WaffleAppUITests/Info.plist;
				LD_RUNPATH_SEARCH_PATHS = (
					"$(inherited)",
					"@executable_path/Frameworks",
					"@loader_path/Frameworks",
				);
				PRODUCT_BUNDLE_IDENTIFIER = com.Samantha.WaffleAppUITests;
				PRODUCT_NAME = "$(TARGET_NAME)";
				SWIFT_VERSION = 4.0;
				TARGETED_DEVICE_FAMILY = "1,2";
				TEST_TARGET_NAME = WaffleApp;
			};
			name = Release;
		};
/* End XCBuildConfiguration section */

/* Begin XCConfigurationList section */
		66D9ABC4212B99BF0006A474 /* Build configuration list for PBXProject "WaffleApp" */ = {
			isa = XCConfigurationList;
			buildConfigurations = (
				66D9ABEF212B99C20006A474 /* Debug */,
				66D9ABF0212B99C20006A474 /* Release */,
			);
			defaultConfigurationIsVisible = 0;
			defaultConfigurationName = Release;
		};
		66D9ABF1212B99C20006A474 /* Build configuration list for PBXNativeTarget "WaffleApp" */ = {
			isa = XCConfigurationList;
			buildConfigurations = (
				66D9ABF2212B99C20006A474 /* Debug */,
				66D9ABF3212B99C20006A474 /* Release */,
			);
			defaultConfigurationIsVisible = 0;
			defaultConfigurationName = Release;
		};
		66D9ABF4212B99C20006A474 /* Build configuration list for PBXNativeTarget "WaffleAppTests" */ = {
			isa = XCConfigurationList;
			buildConfigurations = (
				66D9ABF5212B99C20006A474 /* Debug */,
				66D9ABF6212B99C20006A474 /* Release */,
			);
			defaultConfigurationIsVisible = 0;
			defaultConfigurationName = Release;
		};
		66D9ABF7212B99C20006A474 /* Build configuration list for PBXNativeTarget "WaffleAppUITests" */ = {
			isa = XCConfigurationList;
			buildConfigurations = (
				66D9ABF8212B99C20006A474 /* Debug */,
				66D9ABF9212B99C20006A474 /* Release */,
			);
			defaultConfigurationIsVisible = 0;
			defaultConfigurationName = Release;
		};
/* End XCConfigurationList section */
	};
	rootObject = 66D9ABC1212B99BF0006A474 /* Project object */;
}
